
Microsoft Visual Studio Solution File, Format Version 12.00
# Visual Studio 15
VisualStudioVersion = 15.0.28307.852
MinimumVisualStudioVersion = 10.0.40219.1
Project("{FAE04EC0-301F-11D3-BF4B-00C04F79EFBC}") = "DigitalRecon", "DigitalRecon\DigitalRecon.csproj", "{9322BA17-7A80-46F5-953E-BC30CF5DBA7A}"
EndProject
Global
	GlobalSection(SolutionConfigurationPlatforms) = preSolution
		Debug|Any CPU = Debug|Any CPU
		Release|Any CPU = Release|Any CPU
	EndGlobalSection
	GlobalSection(ProjectConfigurationPlatforms) = postSolution
		{9322BA17-7A80-46F5-953E-BC30CF5DBA7A}.Debug|Any CPU.ActiveCfg = Debug|Any CPU
		{9322BA17-7A80-46F5-953E-BC30CF5DBA7A}.Debug|Any CPU.Build.0 = Debug|Any CPU
		{9322BA17-7A80-46F5-953E-BC30CF5DBA7A}.Release|Any CPU.ActiveCfg = Release|Any CPU
		{9322BA17-7A80-46F5-953E-BC30CF5DBA7A}.Release|Any CPU.Build.0 = Release|Any CPU
	EndGlobalSection
	GlobalSection(SolutionProperties) = preSolution
		HideSolutionNode = FALSE
	EndGlobalSection
	GlobalSection(ExtensibilityGlobals) = postSolution
		SolutionGuid = {493EF9F2-2263-42C3-81A9-71ADB433B99E}
	EndGlobalSection
EndGlobal
